
Microsoft Visual Studio Solution File, Format Version 12.00
# Visual Studio Version 16
VisualStudioVersion = 16.0.31729.503
MinimumVisualStudioVersion = 10.0.40219.1
Project("{FAE04EC0-301F-11D3-BF4B-00C04F79EFBC}") = "lab4", "lab4\lab4.csproj", "{B8939EA1-46CB-4978-AF28-1911CE9E8225}"
EndProject
Global
	GlobalSection(SolutionConfigurationPlatforms) = preSolution
		Debug|Any CPU = Debug|Any CPU
		Release|Any CPU = Release|Any CPU
	EndGlobalSection
	GlobalSection(ProjectConfigurationPlatforms) = postSolution
		{B8939EA1-46CB-4978-AF28-1911CE9E8225}.Debug|Any CPU.ActiveCfg = Debug|Any CPU
		{B8939EA1-46CB-4978-AF28-1911CE9E8225}.Debug|Any CPU.Build.0 = Debug|Any CPU
		{B8939EA1-46CB-4978-AF28-1911CE9E8225}.Release|Any CPU.ActiveCfg = Release|Any CPU
		{B8939EA1-46CB-4978-AF28-1911CE9E8225}.Release|Any CPU.Build.0 = Release|Any CPU
	EndGlobalSection
	GlobalSection(SolutionProperties) = preSolution
		HideSolutionNode = FALSE
	EndGlobalSection
	GlobalSection(ExtensibilityGlobals) = postSolution
		SolutionGuid = {CB98AE99-3564-45EF-B146-F140F332196E}
	EndGlobalSection
EndGlobal
